
Microsoft Visual Studio Solution File, Format Version 12.00
# Visual Studio 15
VisualStudioVersion = 15.0.27130.2036
MinimumVisualStudioVersion = 10.0.40219.1
Project("{FAE04EC0-301F-11D3-BF4B-00C04F79EFBC}") = "ImageCurveAdjustment", "ImageCurveAdjustment\ImageCurveAdjustment.csproj", "{47096339-E44D-4144-AA1F-F5A483BA61E7}"
EndProject
Global
	GlobalSection(SolutionConfigurationPlatforms) = preSolution
		Debug|Any CPU = Debug|Any CPU
		Release|Any CPU = Release|Any CPU
	EndGlobalSection
	GlobalSection(ProjectConfigurationPlatforms) = postSolution
		{47096339-E44D-4144-AA1F-F5A483BA61E7}.Debug|Any CPU.ActiveCfg = Debug|Any CPU
		{47096339-E44D-4144-AA1F-F5A483BA61E7}.Debug|Any CPU.Build.0 = Debug|Any CPU
		{47096339-E44D-4144-AA1F-F5A483BA61E7}.Release|Any CPU.ActiveCfg = Release|Any CPU
		{47096339-E44D-4144-AA1F-F5A483BA61E7}.Release|Any CPU.Build.0 = Release|Any CPU
	EndGlobalSection
	GlobalSection(SolutionProperties) = preSolution
		HideSolutionNode = FALSE
	EndGlobalSection
	GlobalSection(ExtensibilityGlobals) = postSolution
		SolutionGuid = {97FA6CD3-0A46-4EF2-902B-1665ED1CBF0C}
	EndGlobalSection
EndGlobal
